// !$*UTF8*$!
{
	archiveVersion = 1;
	classes = {
	};
	objectVersion = 46;
	objects = {

/* Begin PBXBuildFile section */
		46BF3F8318AFC412000466F5 /* HAUSWebServiceClient.m in Sources */ = {isa = PBXBuildFile; fileRef = 46BF3F8218AFC412000466F5 /* HAUSWebServiceClient.m */; };
		46BF3F8818AFC4E7000466F5 /* HAUSNSURLConnection.m in Sources */ = {isa = PBXBuildFile; fileRef = 46BF3F8718AFC4E7000466F5 /* HAUSNSURLConnection.m */; };
		46BF3F8B18AFD29F000466F5 /* HAUSWebServiceUserData.m in Sources */ = {isa = PBXBuildFile; fileRef = 46BF3F8A18AFD29F000466F5 /* HAUSWebServiceUserData.m */; };
		46BF3F9118AFD737000466F5 /* CallbackHelperMethods.m in Sources */ = {isa = PBXBuildFile; fileRef = 46BF3F9018AFD737000466F5 /* CallbackHelperMethods.m */; };
		46BF3F9818AFDEEB000466F5 /* DejalActivityView.m in Sources */ = {isa = PBXBuildFile; fileRef = 46BF3F9718AFDEEA000466F5 /* DejalActivityView.m */; };
		6540DD4F18A82F81006B9F91 /* FrontActi.jpg in Resources */ = {isa = PBXBuildFile; fileRef = 6540DD4A18A82F81006B9F91 /* FrontActi.jpg */; };
		6540DD5018A82F81006B9F91 /* greenStatus.png in Resources */ = {isa = PBXBuildFile; fileRef = 6540DD4B18A82F81006B9F91 /* greenStatus.png */; };
		6540DD5118A82F81006B9F91 /* securityCamera.png in Resources */ = {isa = PBXBuildFile; fileRef = 6540DD4C18A82F81006B9F91 /* securityCamera.png */; };
		6540DD5218A82F81006B9F91 /* thermo.png in Resources */ = {isa = PBXBuildFile; fileRef = 6540DD4D18A82F81006B9F91 /* thermo.png */; };
		6540DD5318A82F81006B9F91 /* unlock.png in Resources */ = {isa = PBXBuildFile; fileRef = 6540DD4E18A82F81006B9F91 /* unlock.png */; };
		6540DD5918AC804A006B9F91 /* LoginViewController.m in Sources */ = {isa = PBXBuildFile; fileRef = 6540DD5818AC804A006B9F91 /* LoginViewController.m */; };
		654EE955180CB2E500C2452E /* Foundation.framework in Frameworks */ = {isa = PBXBuildFile; fileRef = 654EE954180CB2E500C2452E /* Foundation.framework */; };
		654EE957180CB2E500C2452E /* CoreGraphics.framework in Frameworks */ = {isa = PBXBuildFile; fileRef = 654EE956180CB2E500C2452E /* CoreGraphics.framework */; };
		654EE959180CB2E500C2452E /* UIKit.framework in Frameworks */ = {isa = PBXBuildFile; fileRef = 654EE958180CB2E500C2452E /* UIKit.framework */; };
		654EE95F180CB2E500C2452E /* InfoPlist.strings in Resources */ = {isa = PBXBuildFile; fileRef = 654EE95D180CB2E500C2452E /* InfoPlist.strings */; };
		654EE961180CB2E500C2452E /* main.m in Sources */ = {isa = PBXBuildFile; fileRef = 654EE960180CB2E500C2452E /* main.m */; };
		654EE965180CB2E500C2452E /* AppDelegate.m in Sources */ = {isa = PBXBuildFile; fileRef = 654EE964180CB2E500C2452E /* AppDelegate.m */; };
		654EE967180CB2E500C2452E /* Images.xcassets in Resources */ = {isa = PBXBuildFile; fileRef = 654EE966180CB2E500C2452E /* Images.xcassets */; };
		654EE96E180CB2E500C2452E /* XCTest.framework in Frameworks */ = {isa = PBXBuildFile; fileRef = 654EE96D180CB2E500C2452E /* XCTest.framework */; };
		654EE96F180CB2E500C2452E /* Foundation.framework in Frameworks */ = {isa = PBXBuildFile; fileRef = 654EE954180CB2E500C2452E /* Foundation.framework */; };
		654EE970180CB2E500C2452E /* UIKit.framework in Frameworks */ = {isa = PBXBuildFile; fileRef = 654EE958180CB2E500C2452E /* UIKit.framework */; };
		654EE978180CB2E500C2452E /* InfoPlist.strings in Resources */ = {isa = PBXBuildFile; fileRef = 654EE976180CB2E500C2452E /* InfoPlist.strings */; };
		654EE97A180CB2E500C2452E /* RibbitTests.m in Sources */ = {isa = PBXBuildFile; fileRef = 654EE979180CB2E500C2452E /* RibbitTests.m */; };
		654EE984180CB30900C2452E /* MainStoryboard.storyboard in Resources */ = {isa = PBXBuildFile; fileRef = 654EE983180CB30900C2452E /* MainStoryboard.storyboard */; };
		654EE98C180CB9A700C2452E /* InboxViewController.m in Sources */ = {isa = PBXBuildFile; fileRef = 654EE98B180CB9A700C2452E /* InboxViewController.m */; };
		659DA4711829522700A09240 /* addDeviceControllerViewController.m in Sources */ = {isa = PBXBuildFile; fileRef = 659DA4701829522700A09240 /* addDeviceControllerViewController.m */; };
		65F81AB0184BDEEE002E09DA /* deviceDetailView.m in Sources */ = {isa = PBXBuildFile; fileRef = 65F81AAF184BDEEE002E09DA /* deviceDetailView.m */; };
/* End PBXBuildFile section */

/* Begin PBXContainerItemProxy section */
		654EE971180CB2E500C2452E /* PBXContainerItemProxy */ = {
			isa = PBXContainerItemProxy;
			containerPortal = 654EE949180CB2E500C2452E /* Project object */;
			proxyType = 1;
			remoteGlobalIDString = 654EE950180CB2E500C2452E;
			remoteInfo = Ribbit;
		};
/* End PBXContainerItemProxy section */

/* Begin PBXFileReference section */
		46BF3F8118AFC412000466F5 /* HAUSWebServiceClient.h */ = {isa = PBXFileReference; fileEncoding = 4; lastKnownFileType = sourcecode.c.h; path = HAUSWebServiceClient.h; sourceTree = "<group>"; };
		46BF3F8218AFC412000466F5 /* HAUSWebServiceClient.m */ = {isa = PBXFileReference; fileEncoding = 4; lastKnownFileType = sourcecode.c.objc; path = HAUSWebServiceClient.m; sourceTree = "<group>"; };
		46BF3F8618AFC4E7000466F5 /* HAUSNSURLConnection.h */ = {isa = PBXFileReference; fileEncoding = 4; lastKnownFileType = sourcecode.c.h; path = HAUSNSURLConnection.h; sourceTree = "<group>"; };
		46BF3F8718AFC4E7000466F5 /* HAUSNSURLConnection.m */ = {isa = PBXFileReference; fileEncoding = 4; lastKnownFileType = sourcecode.c.objc; path = HAUSNSURLConnection.m; sourceTree = "<group>"; };
		46BF3F8918AFD29F000466F5 /* HAUSWebServiceUserData.h */ = {isa = PBXFileReference; fileEncoding = 4; lastKnownFileType = sourcecode.c.h; path = HAUSWebServiceUserData.h; sourceTree = "<group>"; };
		46BF3F8A18AFD29F000466F5 /* HAUSWebServiceUserData.m */ = {isa = PBXFileReference; fileEncoding = 4; lastKnownFileType = sourcecode.c.objc; path = HAUSWebServiceUserData.m; sourceTree = "<group>"; };
		46BF3F8F18AFD737000466F5 /* CallbackHelperMethods.h */ = {isa = PBXFileReference; fileEncoding = 4; lastKnownFileType = sourcecode.c.h; path = CallbackHelperMethods.h; sourceTree = "<group>"; };
		46BF3F9018AFD737000466F5 /* CallbackHelperMethods.m */ = {isa = PBXFileReference; fileEncoding = 4; lastKnownFileType = sourcecode.c.objc; path = CallbackHelperMethods.m; sourceTree = "<group>"; };
		46BF3F9618AFDEEA000466F5 /* DejalActivityView.h */ = {isa = PBXFileReference; fileEncoding = 4; lastKnownFileType = sourcecode.c.h; path = DejalActivityView.h; sourceTree = "<group>"; };
		46BF3F9718AFDEEA000466F5 /* DejalActivityView.m */ = {isa = PBXFileReference; fileEncoding = 4; lastKnownFileType = sourcecode.c.objc; path = DejalActivityView.m; sourceTree = "<group>"; };
		6540DD4A18A82F81006B9F91 /* FrontActi.jpg */ = {isa = PBXFileReference; lastKnownFileType = image.jpeg; name = FrontActi.jpg; path = assets/FrontActi.jpg; sourceTree = "<group>"; };
		6540DD4B18A82F81006B9F91 /* greenStatus.png */ = {isa = PBXFileReference; lastKnownFileType = image.png; name = greenStatus.png; path = assets/greenStatus.png; sourceTree = "<group>"; };
		6540DD4C18A82F81006B9F91 /* securityCamera.png */ = {isa = PBXFileReference; lastKnownFileType = image.png; name = securityCamera.png; path = assets/securityCamera.png; sourceTree = "<group>"; };
		6540DD4D18A82F81006B9F91 /* thermo.png */ = {isa = PBXFileReference; lastKnownFileType = image.png; name = thermo.png; path = assets/thermo.png; sourceTree = "<group>"; };
		6540DD4E18A82F81006B9F91 /* unlock.png */ = {isa = PBXFileReference; lastKnownFileType = image.png; name = unlock.png; path = assets/unlock.png; sourceTree = "<group>"; };
		6540DD5718AC804A006B9F91 /* LoginViewController.h */ = {isa = PBXFileReference; fileEncoding = 4; lastKnownFileType = sourcecode.c.h; path = LoginViewController.h; sourceTree = "<group>"; };
		6540DD5818AC804A006B9F91 /* LoginViewController.m */ = {isa = PBXFileReference; fileEncoding = 4; lastKnownFileType = sourcecode.c.objc; path = LoginViewController.m; sourceTree = "<group>"; };
		654EE951180CB2E500C2452E /* HAUS.app */ = {isa = PBXFileReference; explicitFileType = wrapper.application; includeInIndex = 0; path = HAUS.app; sourceTree = BUILT_PRODUCTS_DIR; };
		654EE954180CB2E500C2452E /* Foundation.framework */ = {isa = PBXFileReference; lastKnownFileType = wrapper.framework; name = Foundation.framework; path = System/Library/Frameworks/Foundation.framework; sourceTree = SDKROOT; };
		654EE956180CB2E500C2452E /* CoreGraphics.framework */ = {isa = PBXFileReference; lastKnownFileType = wrapper.framework; name = CoreGraphics.framework; path = System/Library/Frameworks/CoreGraphics.framework; sourceTree = SDKROOT; };
		654EE958180CB2E500C2452E /* UIKit.framework */ = {isa = PBXFileReference; lastKnownFileType = wrapper.framework; name = UIKit.framework; path = System/Library/Frameworks/UIKit.framework; sourceTree = SDKROOT; };
		654EE95C180CB2E500C2452E /* HAUS-Info.plist */ = {isa = PBXFileReference; lastKnownFileType = text.plist.xml; path = "HAUS-Info.plist"; sourceTree = "<group>"; };
		654EE95E180CB2E500C2452E /* en */ = {isa = PBXFileReference; lastKnownFileType = text.plist.strings; name = en; path = en.lproj/InfoPlist.strings; sourceTree = "<group>"; };
		654EE960180CB2E500C2452E /* main.m */ = {isa = PBXFileReference; lastKnownFileType = sourcecode.c.objc; path = main.m; sourceTree = "<group>"; };
		654EE962180CB2E500C2452E /* HAUS-Prefix.pch */ = {isa = PBXFileReference; lastKnownFileType = sourcecode.c.h; path = "HAUS-Prefix.pch"; sourceTree = "<group>"; };
		654EE963180CB2E500C2452E /* AppDelegate.h */ = {isa = PBXFileReference; lastKnownFileType = sourcecode.c.h; path = AppDelegate.h; sourceTree = "<group>"; };
		654EE964180CB2E500C2452E /* AppDelegate.m */ = {isa = PBXFileReference; lastKnownFileType = sourcecode.c.objc; path = AppDelegate.m; sourceTree = "<group>"; };
		654EE966180CB2E500C2452E /* Images.xcassets */ = {isa = PBXFileReference; lastKnownFileType = folder.assetcatalog; path = Images.xcassets; sourceTree = "<group>"; };
		654EE96C180CB2E500C2452E /* HAUSTests.xctest */ = {isa = PBXFileReference; explicitFileType = wrapper.cfbundle; includeInIndex = 0; path = HAUSTests.xctest; sourceTree = BUILT_PRODUCTS_DIR; };
		654EE96D180CB2E500C2452E /* XCTest.framework */ = {isa = PBXFileReference; lastKnownFileType = wrapper.framework; name = XCTest.framework; path = Library/Frameworks/XCTest.framework; sourceTree = DEVELOPER_DIR; };
		654EE975180CB2E500C2452E /* HAUSTests-Info.plist */ = {isa = PBXFileReference; lastKnownFileType = text.plist.xml; path = "HAUSTests-Info.plist"; sourceTree = "<group>"; };
		654EE977180CB2E500C2452E /* en */ = {isa = PBXFileReference; lastKnownFileType = text.plist.strings; name = en; path = en.lproj/InfoPlist.strings; sourceTree = "<group>"; };
		654EE979180CB2E500C2452E /* RibbitTests.m */ = {isa = PBXFileReference; lastKnownFileType = sourcecode.c.objc; path = RibbitTests.m; sourceTree = "<group>"; };
		654EE983180CB30900C2452E /* MainStoryboard.storyboard */ = {isa = PBXFileReference; fileEncoding = 4; lastKnownFileType = file.storyboard; path = MainStoryboard.storyboard; sourceTree = "<group>"; };
		654EE98A180CB9A700C2452E /* InboxViewController.h */ = {isa = PBXFileReference; fileEncoding = 4; lastKnownFileType = sourcecode.c.h; path = InboxViewController.h; sourceTree = "<group>"; };
		654EE98B180CB9A700C2452E /* InboxViewController.m */ = {isa = PBXFileReference; fileEncoding = 4; lastKnownFileType = sourcecode.c.objc; path = InboxViewController.m; sourceTree = "<group>"; };
		659DA46F1829522700A09240 /* addDeviceControllerViewController.h */ = {isa = PBXFileReference; fileEncoding = 4; lastKnownFileType = sourcecode.c.h; path = addDeviceControllerViewController.h; sourceTree = "<group>"; };
		659DA4701829522700A09240 /* addDeviceControllerViewController.m */ = {isa = PBXFileReference; fileEncoding = 4; lastKnownFileType = sourcecode.c.objc; path = addDeviceControllerViewController.m; sourceTree = "<group>"; };
		65F81AAE184BDEEE002E09DA /* deviceDetailView.h */ = {isa = PBXFileReference; fileEncoding = 4; lastKnownFileType = sourcecode.c.h; path = deviceDetailView.h; sourceTree = "<group>"; };
		65F81AAF184BDEEE002E09DA /* deviceDetailView.m */ = {isa = PBXFileReference; fileEncoding = 4; lastKnownFileType = sourcecode.c.objc; path = deviceDetailView.m; sourceTree = "<group>"; };
/* End PBXFileReference section */

/* Begin PBXFrameworksBuildPhase section */
		654EE94E180CB2E500C2452E /* Frameworks */ = {
			isa = PBXFrameworksBuildPhase;
			buildActionMask = 2147483647;
			files = (
				654EE957180CB2E500C2452E /* CoreGraphics.framework in Frameworks */,
				654EE959180CB2E500C2452E /* UIKit.framework in Frameworks */,
				654EE955180CB2E500C2452E /* Foundation.framework in Frameworks */,
			);
			runOnlyForDeploymentPostprocessing = 0;
		};
		654EE969180CB2E500C2452E /* Frameworks */ = {
			isa = PBXFrameworksBuildPhase;
			buildActionMask = 2147483647;
			files = (
				654EE96E180CB2E500C2452E /* XCTest.framework in Frameworks */,
				654EE970180CB2E500C2452E /* UIKit.framework in Frameworks */,
				654EE96F180CB2E500C2452E /* Foundation.framework in Frameworks */,
			);
			runOnlyForDeploymentPostprocessing = 0;
		};
/* End PBXFrameworksBuildPhase section */

/* Begin PBXGroup section */
		46BF3F8018AFC3FE000466F5 /* Model */ = {
			isa = PBXGroup;
			children = (
				46BF3F9518AFDECC000466F5 /* Dejal Activity View */,
				46BF3F9218AFD775000466F5 /* Library Functions */,
				46BF3F8418AFC4A3000466F5 /* HAUS Web Service */,
			);
			name = Model;
			sourceTree = "<group>";
		};
		46BF3F8418AFC4A3000466F5 /* HAUS Web Service */ = {
			isa = PBXGroup;
			children = (
				46BF3F8C18AFD405000466F5 /* HAUSWebServiceUserData */,
				46BF3F8518AFC4B3000466F5 /* HAUSNSURLConnection */,
				46BF3F8118AFC412000466F5 /* HAUSWebServiceClient.h */,
				46BF3F8218AFC412000466F5 /* HAUSWebServiceClient.m */,
			);
			name = "HAUS Web Service";
			sourceTree = "<group>";
		};
		46BF3F8518AFC4B3000466F5 /* HAUSNSURLConnection */ = {
			isa = PBXGroup;
			children = (
				46BF3F8618AFC4E7000466F5 /* HAUSNSURLConnection.h */,
				46BF3F8718AFC4E7000466F5 /* HAUSNSURLConnection.m */,
			);
			name = HAUSNSURLConnection;
			sourceTree = "<group>";
		};
		46BF3F8C18AFD405000466F5 /* HAUSWebServiceUserData */ = {
			isa = PBXGroup;
			children = (
				46BF3F8918AFD29F000466F5 /* HAUSWebServiceUserData.h */,
				46BF3F8A18AFD29F000466F5 /* HAUSWebServiceUserData.m */,
			);
			name = HAUSWebServiceUserData;
			sourceTree = "<group>";
		};
		46BF3F9218AFD775000466F5 /* Library Functions */ = {
			isa = PBXGroup;
			children = (
				46BF3F8F18AFD737000466F5 /* CallbackHelperMethods.h */,
				46BF3F9018AFD737000466F5 /* CallbackHelperMethods.m */,
			);
			name = "Library Functions";
			sourceTree = "<group>";
		};
		46BF3F9518AFDECC000466F5 /* Dejal Activity View */ = {
			isa = PBXGroup;
			children = (
				46BF3F9618AFDEEA000466F5 /* DejalActivityView.h */,
				46BF3F9718AFDEEA000466F5 /* DejalActivityView.m */,
			);
			name = "Dejal Activity View";
			sourceTree = "<group>";
		};
		46D6504218AEB73000E01E86 /* Controllers */ = {
			isa = PBXGroup;
			children = (
				46D6504518AEB7C900E01E86 /* Login */,
				46D6504418AEB75200E01E86 /* Devices */,
				46D6504318AEB73D00E01E86 /* Security */,
			);
			name = Controllers;
			sourceTree = "<group>";
		};
		46D6504318AEB73D00E01E86 /* Security */ = {
			isa = PBXGroup;
			children = (
				654EE98A180CB9A700C2452E /* InboxViewController.h */,
				654EE98B180CB9A700C2452E /* InboxViewController.m */,
			);
			name = Security;
			sourceTree = "<group>";
		};
		46D6504418AEB75200E01E86 /* Devices */ = {
			isa = PBXGroup;
			children = (
			);
			name = Devices;
			sourceTree = "<group>";
		};
		46D6504518AEB7C900E01E86 /* Login */ = {
			isa = PBXGroup;
			children = (
				6540DD5718AC804A006B9F91 /* LoginViewController.h */,
				6540DD5818AC804A006B9F91 /* LoginViewController.m */,
			);
			name = Login;
			sourceTree = "<group>";
		};
		654EE948180CB2E500C2452E = {
			isa = PBXGroup;
			children = (
				46BF3F8018AFC3FE000466F5 /* Model */,
				46D6504218AEB73000E01E86 /* Controllers */,
				659DA46F1829522700A09240 /* addDeviceControllerViewController.h */,
				659DA4701829522700A09240 /* addDeviceControllerViewController.m */,
				6540DD4A18A82F81006B9F91 /* FrontActi.jpg */,
				6540DD4B18A82F81006B9F91 /* greenStatus.png */,
				6540DD4C18A82F81006B9F91 /* securityCamera.png */,
				6540DD4D18A82F81006B9F91 /* thermo.png */,
				6540DD4E18A82F81006B9F91 /* unlock.png */,
				65F81AAE184BDEEE002E09DA /* deviceDetailView.h */,
				65F81AAF184BDEEE002E09DA /* deviceDetailView.m */,
				654EE983180CB30900C2452E /* MainStoryboard.storyboard */,
				654EE95A180CB2E500C2452E /* HAUS */,
				654EE973180CB2E500C2452E /* HAUSTests */,
				654EE953180CB2E500C2452E /* Frameworks */,
				654EE952180CB2E500C2452E /* Products */,
			);
			sourceTree = "<group>";
		};
		654EE952180CB2E500C2452E /* Products */ = {
			isa = PBXGroup;
			children = (
				654EE951180CB2E500C2452E /* HAUS.app */,
				654EE96C180CB2E500C2452E /* HAUSTests.xctest */,
			);
			name = Products;
			sourceTree = "<group>";
		};
		654EE953180CB2E500C2452E /* Frameworks */ = {
			isa = PBXGroup;
			children = (
				654EE954180CB2E500C2452E /* Foundation.framework */,
				654EE956180CB2E500C2452E /* CoreGraphics.framework */,
				654EE958180CB2E500C2452E /* UIKit.framework */,
				654EE96D180CB2E500C2452E /* XCTest.framework */,
			);
			name = Frameworks;
			sourceTree = "<group>";
		};
		654EE95A180CB2E500C2452E /* HAUS */ = {
			isa = PBXGroup;
			children = (
				654EE963180CB2E500C2452E /* AppDelegate.h */,
				654EE964180CB2E500C2452E /* AppDelegate.m */,
				654EE966180CB2E500C2452E /* Images.xcassets */,
				654EE95B180CB2E500C2452E /* Supporting Files */,
			);
			name = HAUS;
			path = Ribbit;
			sourceTree = "<group>";
		};
		654EE95B180CB2E500C2452E /* Supporting Files */ = {
			isa = PBXGroup;
			children = (
				654EE95C180CB2E500C2452E /* HAUS-Info.plist */,
				654EE95D180CB2E500C2452E /* InfoPlist.strings */,
				654EE960180CB2E500C2452E /* main.m */,
				654EE962180CB2E500C2452E /* HAUS-Prefix.pch */,
			);
			name = "Supporting Files";
			sourceTree = "<group>";
		};
		654EE973180CB2E500C2452E /* HAUSTests */ = {
			isa = PBXGroup;
			children = (
				654EE979180CB2E500C2452E /* RibbitTests.m */,
				654EE974180CB2E500C2452E /* Supporting Files */,
			);
			name = HAUSTests;
			path = RibbitTests;
			sourceTree = "<group>";
		};
		654EE974180CB2E500C2452E /* Supporting Files */ = {
			isa = PBXGroup;
			children = (
				654EE975180CB2E500C2452E /* HAUSTests-Info.plist */,
				654EE976180CB2E500C2452E /* InfoPlist.strings */,
			);
			name = "Supporting Files";
			sourceTree = "<group>";
		};
/* End PBXGroup section */

/* Begin PBXNativeTarget section */
		654EE950180CB2E500C2452E /* HAUS */ = {
			isa = PBXNativeTarget;
			buildConfigurationList = 654EE97D180CB2E500C2452E /* Build configuration list for PBXNativeTarget "HAUS" */;
			buildPhases = (
				654EE94D180CB2E500C2452E /* Sources */,
				654EE94E180CB2E500C2452E /* Frameworks */,
				654EE94F180CB2E500C2452E /* Resources */,
			);
			buildRules = (
			);
			dependencies = (
			);
			name = HAUS;
			productName = Ribbit;
			productReference = 654EE951180CB2E500C2452E /* HAUS.app */;
			productType = "com.apple.product-type.application";
		};
		654EE96B180CB2E500C2452E /* HAUSTests */ = {
			isa = PBXNativeTarget;
			buildConfigurationList = 654EE980180CB2E500C2452E /* Build configuration list for PBXNativeTarget "HAUSTests" */;
			buildPhases = (
				654EE968180CB2E500C2452E /* Sources */,
				654EE969180CB2E500C2452E /* Frameworks */,
				654EE96A180CB2E500C2452E /* Resources */,
			);
			buildRules = (
			);
			dependencies = (
				654EE972180CB2E500C2452E /* PBXTargetDependency */,
			);
			name = HAUSTests;
			productName = RibbitTests;
			productReference = 654EE96C180CB2E500C2452E /* HAUSTests.xctest */;
			productType = "com.apple.product-type.bundle.unit-test";
		};
/* End PBXNativeTarget section */

/* Begin PBXProject section */
		654EE949180CB2E500C2452E /* Project object */ = {
			isa = PBXProject;
			attributes = {
				LastUpgradeCheck = 0500;
				ORGANIZATIONNAME = HAUS;
				TargetAttributes = {
					654EE950180CB2E500C2452E = {
						DevelopmentTeam = U694MCMU4Y;
					};
					654EE96B180CB2E500C2452E = {
						TestTargetID = 654EE950180CB2E500C2452E;
					};
				};
			};
			buildConfigurationList = 654EE94C180CB2E500C2452E /* Build configuration list for PBXProject "HAUS" */;
			compatibilityVersion = "Xcode 3.2";
			developmentRegion = English;
			hasScannedForEncodings = 0;
			knownRegions = (
				en,
			);
			mainGroup = 654EE948180CB2E500C2452E;
			productRefGroup = 654EE952180CB2E500C2452E /* Products */;
			projectDirPath = "";
			projectRoot = "";
			targets = (
				654EE950180CB2E500C2452E /* HAUS */,
				654EE96B180CB2E500C2452E /* HAUSTests */,
			);
		};
/* End PBXProject section */

/* Begin PBXResourcesBuildPhase section */
		654EE94F180CB2E500C2452E /* Resources */ = {
			isa = PBXResourcesBuildPhase;
			buildActionMask = 2147483647;
			files = (
				6540DD5218A82F81006B9F91 /* thermo.png in Resources */,
				654EE984180CB30900C2452E /* MainStoryboard.storyboard in Resources */,
				6540DD5318A82F81006B9F91 /* unlock.png in Resources */,
				654EE95F180CB2E500C2452E /* InfoPlist.strings in Resources */,
				654EE967180CB2E500C2452E /* Images.xcassets in Resources */,
				6540DD5118A82F81006B9F91 /* securityCamera.png in Resources */,
				6540DD5018A82F81006B9F91 /* greenStatus.png in Resources */,
				6540DD4F18A82F81006B9F91 /* FrontActi.jpg in Resources */,
			);
			runOnlyForDeploymentPostprocessing = 0;
		};
		654EE96A180CB2E500C2452E /* Resources */ = {
			isa = PBXResourcesBuildPhase;
			buildActionMask = 2147483647;
			files = (
				654EE978180CB2E500C2452E /* InfoPlist.strings in Resources */,
			);
			runOnlyForDeploymentPostprocessing = 0;
		};
/* End PBXResourcesBuildPhase section */

/* Begin PBXSourcesBuildPhase section */
		654EE94D180CB2E500C2452E /* Sources */ = {
			isa = PBXSourcesBuildPhase;
			buildActionMask = 2147483647;
			files = (
				65F81AB0184BDEEE002E09DA /* deviceDetailView.m in Sources */,
				654EE965180CB2E500C2452E /* AppDelegate.m in Sources */,
				46BF3F8B18AFD29F000466F5 /* HAUSWebServiceUserData.m in Sources */,
				654EE961180CB2E500C2452E /* main.m in Sources */,
				659DA4711829522700A09240 /* addDeviceControllerViewController.m in Sources */,
				46BF3F9118AFD737000466F5 /* CallbackHelperMethods.m in Sources */,
				654EE98C180CB9A700C2452E /* InboxViewController.m in Sources */,
				46BF3F8818AFC4E7000466F5 /* HAUSNSURLConnection.m in Sources */,
				46BF3F8318AFC412000466F5 /* HAUSWebServiceClient.m in Sources */,
				6540DD5918AC804A006B9F91 /* LoginViewController.m in Sources */,
				46BF3F9818AFDEEB000466F5 /* DejalActivityView.m in Sources */,
			);
			runOnlyForDeploymentPostprocessing = 0;
		};
		654EE968180CB2E500C2452E /* Sources */ = {
			isa = PBXSourcesBuildPhase;
			buildActionMask = 2147483647;
			files = (
				654EE97A180CB2E500C2452E /* RibbitTests.m in Sources */,
			);
			runOnlyForDeploymentPostprocessing = 0;
		};
/* End PBXSourcesBuildPhase section */

/* Begin PBXTargetDependency section */
		654EE972180CB2E500C2452E /* PBXTargetDependency */ = {
			isa = PBXTargetDependency;
			target = 654EE950180CB2E500C2452E /* HAUS */;
			targetProxy = 654EE971180CB2E500C2452E /* PBXContainerItemProxy */;
		};
/* End PBXTargetDependency section */

/* Begin PBXVariantGroup section */
		654EE95D180CB2E500C2452E /* InfoPlist.strings */ = {
			isa = PBXVariantGroup;
			children = (
				654EE95E180CB2E500C2452E /* en */,
			);
			name = InfoPlist.strings;
			sourceTree = "<group>";
		};
		654EE976180CB2E500C2452E /* InfoPlist.strings */ = {
			isa = PBXVariantGroup;
			children = (
				654EE977180CB2E500C2452E /* en */,
			);
			name = InfoPlist.strings;
			sourceTree = "<group>";
		};
/* End PBXVariantGroup section */

/* Begin XCBuildConfiguration section */
		654EE97B180CB2E500C2452E /* Debug */ = {
			isa = XCBuildConfiguration;
			buildSettings = {
				ALWAYS_SEARCH_USER_PATHS = NO;
				ARCHS = "$(ARCHS_STANDARD_INCLUDING_64_BIT)";
				CLANG_CXX_LANGUAGE_STANDARD = "gnu++0x";
				CLANG_CXX_LIBRARY = "libc++";
				CLANG_ENABLE_MODULES = YES;
				CLANG_ENABLE_OBJC_ARC = YES;
				CLANG_WARN_BOOL_CONVERSION = YES;
				CLANG_WARN_CONSTANT_CONVERSION = YES;
				CLANG_WARN_DIRECT_OBJC_ISA_USAGE = YES_ERROR;
				CLANG_WARN_EMPTY_BODY = YES;
				CLANG_WARN_ENUM_CONVERSION = YES;
				CLANG_WARN_INT_CONVERSION = YES;
				CLANG_WARN_OBJC_ROOT_CLASS = YES_ERROR;
				CLANG_WARN__DUPLICATE_METHOD_MATCH = YES;
				"CODE_SIGN_IDENTITY[sdk=iphoneos*]" = "iPhone Developer";
				COPY_PHASE_STRIP = NO;
				GCC_C_LANGUAGE_STANDARD = gnu99;
				GCC_DYNAMIC_NO_PIC = NO;
				GCC_OPTIMIZATION_LEVEL = 0;
				GCC_PREPROCESSOR_DEFINITIONS = (
					"DEBUG=1",
					"$(inherited)",
				);
				GCC_SYMBOLS_PRIVATE_EXTERN = NO;
				GCC_WARN_64_TO_32_BIT_CONVERSION = YES;
				GCC_WARN_ABOUT_RETURN_TYPE = YES_ERROR;
				GCC_WARN_UNDECLARED_SELECTOR = YES;
				GCC_WARN_UNINITIALIZED_AUTOS = YES;
				GCC_WARN_UNUSED_FUNCTION = YES;
				GCC_WARN_UNUSED_VARIABLE = YES;
				HEADER_SEARCH_PATHS = (
					"$(inherited)",
					/Applications/Xcode.app/Contents/Developer/Toolchains/XcodeDefault.xctoolchain/usr/include,
					"\"$(SRCROOT)/**\"/**",
				);
				IPHONEOS_DEPLOYMENT_TARGET = 7.0;
				ONLY_ACTIVE_ARCH = YES;
				SDKROOT = iphoneos;
			};
			name = Debug;
		};
		654EE97C180CB2E500C2452E /* Release */ = {
			isa = XCBuildConfiguration;
			buildSettings = {
				ALWAYS_SEARCH_USER_PATHS = NO;
				ARCHS = "$(ARCHS_STANDARD_INCLUDING_64_BIT)";
				CLANG_CXX_LANGUAGE_STANDARD = "gnu++0x";
				CLANG_CXX_LIBRARY = "libc++";
				CLANG_ENABLE_MODULES = YES;
				CLANG_ENABLE_OBJC_ARC = YES;
				CLANG_WARN_BOOL_CONVERSION = YES;
				CLANG_WARN_CONSTANT_CONVERSION = YES;
				CLANG_WARN_DIRECT_OBJC_ISA_USAGE = YES_ERROR;
				CLANG_WARN_EMPTY_BODY = YES;
				CLANG_WARN_ENUM_CONVERSION = YES;
				CLANG_WARN_INT_CONVERSION = YES;
				CLANG_WARN_OBJC_ROOT_CLASS = YES_ERROR;
				CLANG_WARN__DUPLICATE_METHOD_MATCH = YES;
				"CODE_SIGN_IDENTITY[sdk=iphoneos*]" = "iPhone Developer";
				COPY_PHASE_STRIP = YES;
				ENABLE_NS_ASSERTIONS = NO;
				GCC_C_LANGUAGE_STANDARD = gnu99;
				GCC_WARN_64_TO_32_BIT_CONVERSION = YES;
				GCC_WARN_ABOUT_RETURN_TYPE = YES_ERROR;
				GCC_WARN_UNDECLARED_SELECTOR = YES;
				GCC_WARN_UNINITIALIZED_AUTOS = YES;
				GCC_WARN_UNUSED_FUNCTION = YES;
				GCC_WARN_UNUSED_VARIABLE = YES;
				HEADER_SEARCH_PATHS = (
					"$(inherited)",
					/Applications/Xcode.app/Contents/Developer/Toolchains/XcodeDefault.xctoolchain/usr/include,
					"\"$(SRCROOT)/**\"/**",
				);
				IPHONEOS_DEPLOYMENT_TARGET = 7.0;
				SDKROOT = iphoneos;
				VALIDATE_PRODUCT = YES;
			};
			name = Release;
		};
		654EE97E180CB2E500C2452E /* Debug */ = {
			isa = XCBuildConfiguration;
			buildSettings = {
				ASSETCATALOG_COMPILER_APPICON_NAME = AppIcon;
				ASSETCATALOG_COMPILER_LAUNCHIMAGE_NAME = LaunchImage;
				CODE_SIGN_IDENTITY = "iPhone Developer";
				GCC_PRECOMPILE_PREFIX_HEADER = YES;
				GCC_PREFIX_HEADER = "Ribbit/HAUS-Prefix.pch";
				INFOPLIST_FILE = "Ribbit/HAUS-Info.plist";
				PRODUCT_NAME = HAUS;
				WRAPPER_EXTENSION = app;
			};
			name = Debug;
		};
		654EE97F180CB2E500C2452E /* Release */ = {
			isa = XCBuildConfiguration;
			buildSettings = {
				ASSETCATALOG_COMPILER_APPICON_NAME = AppIcon;
				ASSETCATALOG_COMPILER_LAUNCHIMAGE_NAME = LaunchImage;
				CODE_SIGN_IDENTITY = "iPhone Developer";
				GCC_PRECOMPILE_PREFIX_HEADER = YES;
				GCC_PREFIX_HEADER = "Ribbit/HAUS-Prefix.pch";
				INFOPLIST_FILE = "Ribbit/HAUS-Info.plist";
				PRODUCT_NAME = HAUS;
				WRAPPER_EXTENSION = app;
			};
			name = Release;
		};
		654EE981180CB2E500C2452E /* Debug */ = {
			isa = XCBuildConfiguration;
			buildSettings = {
				ARCHS = "$(ARCHS_STANDARD_INCLUDING_64_BIT)";
				BUNDLE_LOADER = "$(BUILT_PRODUCTS_DIR)/Ribbit.app/Ribbit";
				FRAMEWORK_SEARCH_PATHS = (
					"$(SDKROOT)/Developer/Library/Frameworks",
					"$(inherited)",
					"$(DEVELOPER_FRAMEWORKS_DIR)",
				);
				GCC_PRECOMPILE_PREFIX_HEADER = YES;
				GCC_PREFIX_HEADER = "Ribbit/Ribbit-Prefix.pch";
				GCC_PREPROCESSOR_DEFINITIONS = (
					"DEBUG=1",
					"$(inherited)",
				);
				INFOPLIST_FILE = "RibbitTests/HAUSTests-Info.plist";
				PRODUCT_NAME = HAUSTests;
				TEST_HOST = "$(BUNDLE_LOADER)";
				WRAPPER_EXTENSION = xctest;
			};
			name = Debug;
		};
		654EE982180CB2E500C2452E /* Release */ = {
			isa = XCBuildConfiguration;
			buildSettings = {
				ARCHS = "$(ARCHS_STANDARD_INCLUDING_64_BIT)";
				BUNDLE_LOADER = "$(BUILT_PRODUCTS_DIR)/Ribbit.app/Ribbit";
				FRAMEWORK_SEARCH_PATHS = (
					"$(SDKROOT)/Developer/Library/Frameworks",
					"$(inherited)",
					"$(DEVELOPER_FRAMEWORKS_DIR)",
				);
				GCC_PRECOMPILE_PREFIX_HEADER = YES;
				GCC_PREFIX_HEADER = "Ribbit/Ribbit-Prefix.pch";
				INFOPLIST_FILE = "RibbitTests/HAUSTests-Info.plist";
				PRODUCT_NAME = HAUSTests;
				TEST_HOST = "$(BUNDLE_LOADER)";
				WRAPPER_EXTENSION = xctest;
			};
			name = Release;
		};
/* End XCBuildConfiguration section */

/* Begin XCConfigurationList section */
		654EE94C180CB2E500C2452E /* Build configuration list for PBXProject "HAUS" */ = {
			isa = XCConfigurationList;
			buildConfigurations = (
				654EE97B180CB2E500C2452E /* Debug */,
				654EE97C180CB2E500C2452E /* Release */,
			);
			defaultConfigurationIsVisible = 0;
			defaultConfigurationName = Release;
		};
		654EE97D180CB2E500C2452E /* Build configuration list for PBXNativeTarget "HAUS" */ = {
			isa = XCConfigurationList;
			buildConfigurations = (
				654EE97E180CB2E500C2452E /* Debug */,
				654EE97F180CB2E500C2452E /* Release */,
			);
			defaultConfigurationIsVisible = 0;
			defaultConfigurationName = Release;
		};
		654EE980180CB2E500C2452E /* Build configuration list for PBXNativeTarget "HAUSTests" */ = {
			isa = XCConfigurationList;
			buildConfigurations = (
				654EE981180CB2E500C2452E /* Debug */,
				654EE982180CB2E500C2452E /* Release */,
			);
			defaultConfigurationIsVisible = 0;
			defaultConfigurationName = Release;
		};
/* End XCConfigurationList section */
	};
	rootObject = 654EE949180CB2E500C2452E /* Project object */;
}
